{
  "requires": true,
  "lockfileVersion": 1,
  "dependencies": {
    "fish-npm": {
      "version": "0.0.2",
      "resolved": "https://registry.npmjs.org/fish-npm/-/fish-npm-0.0.2.tgz",
      "integrity": "sha512-8ri9aIYYc2amdoihRz0xOUwGgybKx+HhogBqOTEhbSNqbw+M+jYXmv5dQ8HkMJk6an9Mb5hqFFrYiC2PECrGlw=="
    }
  }
}
